# platform: win-64
# env_hash: 74e3cd903d302c782fba96878e606b8db11a5b7ef5bc6840fac5e15d9be2159b

@EXPLICIT

https://conda.anaconda.org/conda-forge/win-64/ca-certificates-2020.12.5-h5b45459_0.tar.bz2#f36a2988a9f57cffdc43929ba67a3a2a
https://conda.anaconda.org/conda-forge/win-64/intel-openmp-2020.3-h57928b3_311.tar.bz2#361a51c98a0cb06415bd3f9d3bbb5778
https://conda.anaconda.org/conda-forge/win-64/msys2-conda-epoch-20160418-1.tar.bz2#b0309b72560df66f71a9d5e34a5efdfa
https://conda.anaconda.org/conda-forge/win-64/vs2015_runtime-14.16.27012-h30e32a0_2.tar.bz2#37a0bcc72c5e97f5602dca37eb3f8314
https://conda.anaconda.org/conda-forge/win-64/m2w64-gmp-6.1.0-2.tar.bz2#53a1c73e1e3d185516d7e3af177596d9
https://conda.anaconda.org/conda-forge/win-64/m2w64-libwinpthread-git-5.0.0.4634.697f757-2.tar.bz2#774130a326dee16f1ceb05cc687ee4f0
https://conda.anaconda.org/conda-forge/win-64/mkl-2020.4-hb70f87d_311.tar.bz2#eb823c8b41ecf9cd5f08baea1b32e4ef
https://conda.anaconda.org/conda-forge/win-64/vc-14.1-h869be7e_1.tar.bz2#4fae57303daa91367eca263374e4a638
https://conda.anaconda.org/conda-forge/win-64/icu-67.1-h33f27b4_0.tar.bz2#5d62a30cbc94d056111061cef174c491
https://conda.anaconda.org/conda-forge/win-64/jpeg-9d-h8ffe710_0.tar.bz2#9335a1b24eefef6075f4c02a03baf27a
https://conda.anaconda.org/conda-forge/win-64/libblas-3.8.0-21_mkl.tar.bz2#b8ba9c59e6762dbbc262ddda59a25e2c
https://conda.anaconda.org/conda-forge/win-64/libclang-10.0.1-default_hf44288c_1.tar.bz2#31398d417816eb1867f312458623ec14
https://conda.anaconda.org/conda-forge/win-64/lz4-c-1.9.2-h62dcd97_2.tar.bz2#a90475bc5d6e86b41360b614b20aa973
https://conda.anaconda.org/conda-forge/win-64/m2w64-gcc-libs-core-5.3.0-7.tar.bz2#4289d80fb4d272f1f3b56cfe87ac90bd
https://conda.anaconda.org/conda-forge/win-64/openssl-1.1.1i-h8ffe710_0.tar.bz2#49729ddb4fec3c604009a80e0411bb47
https://conda.anaconda.org/conda-forge/win-64/sqlite-3.34.0-h8ffe710_0.tar.bz2#0887d420b945a5342cd03429d475658c
https://conda.anaconda.org/conda-forge/win-64/tk-8.6.10-h8ffe710_1.tar.bz2#0796b4624ee7797fca7819459a79c6e6
https://conda.anaconda.org/conda-forge/win-64/xz-5.2.5-h62dcd97_1.tar.bz2#eabcbfedd14d7c18a514afca09ea0ebb
https://conda.anaconda.org/conda-forge/win-64/yaml-0.2.5-he774522_0.tar.bz2#d41c34441d8bbb6d141e691ae7bccf35
https://conda.anaconda.org/conda-forge/win-64/zlib-1.2.11-h62dcd97_1010.tar.bz2#a4cdf389c5f73e60a0ca121ff77c22a9
https://conda.anaconda.org/conda-forge/win-64/libcblas-3.8.0-21_mkl.tar.bz2#b34f80f184366e1cdb4ba867bd45f609
https://conda.anaconda.org/conda-forge/win-64/liblapack-3.8.0-21_mkl.tar.bz2#6ef6b80f1f7db5cc345b9e4336798ac6
https://conda.anaconda.org/conda-forge/win-64/libpng-1.6.37-h1d00b33_2.tar.bz2#005ddb14b8f876ed6a85b76dfc9892db
https://conda.anaconda.org/conda-forge/win-64/m2w64-gcc-libgfortran-5.3.0-6.tar.bz2#066552ac6b907ec6d72c0ddab29050dc
https://conda.anaconda.org/conda-forge/win-64/python-3.8.6-h7840368_1_cpython.tar.bz2#07903b905072cd232a326225aa7fe247
https://conda.anaconda.org/conda-forge/win-64/zstd-1.4.5-h1f3a1b7_2.tar.bz2#b35d995f210429648e920844701b57a9
https://conda.anaconda.org/conda-forge/noarch/appdirs-1.4.4-pyh9f0ad1d_0.tar.bz2#5f095bc6454094e96f146491fd03633b
https://conda.anaconda.org/conda-forge/noarch/attrs-20.3.0-pyhd3deb0d_0.tar.bz2#5b319abb055eefcfa344bc21378ca23f
https://conda.anaconda.org/conda-forge/noarch/click-7.1.2-pyh9f0ad1d_0.tar.bz2#bd50a970ce07e660c319fdc4d730d3f1
https://conda.anaconda.org/conda-forge/noarch/filelock-3.0.12-pyh9f0ad1d_0.tar.bz2#7544ed05bbbe9bb687bc9bcbe4d6cb46
https://conda.anaconda.org/conda-forge/win-64/freetype-2.10.4-h546665d_0.tar.bz2#ff064b199df93841b871a5c1f600e47c
https://conda.anaconda.org/conda-forge/noarch/idna-2.10-pyh9f0ad1d_0.tar.bz2#f95a12b4f435aae6680fe55ae2eb1b06
https://conda.anaconda.org/conda-forge/noarch/ipython_genutils-0.2.0-py_1.tar.bz2#5071c982548b3a20caf70462f04f5287
https://conda.anaconda.org/conda-forge/win-64/libtiff-4.1.0-hc10be44_6.tar.bz2#a9dcdf2d500c7ae524a58d4249a0197a
https://conda.anaconda.org/conda-forge/win-64/m2w64-gcc-libs-5.3.0-7.tar.bz2#fe759119b8b3bfa720b8762c6fdc35de
https://conda.anaconda.org/conda-forge/noarch/olefile-0.46-pyh9f0ad1d_1.tar.bz2#0b2e68acc8c78c8cc392b90983481f58
https://conda.anaconda.org/conda-forge/noarch/pycparser-2.20-pyh9f0ad1d_2.tar.bz2#aa798d50ffd182a0f6f31478c7f434f6
https://conda.anaconda.org/conda-forge/noarch/pyparsing-2.4.7-pyh9f0ad1d_0.tar.bz2#626c4f20d5bf06dcec9cf2eaa31725c7
https://conda.anaconda.org/conda-forge/win-64/python_abi-3.8-1_cp38.tar.bz2#18ced0580562dca07ae039050748cc50
https://conda.anaconda.org/conda-forge/win-64/qt-5.12.9-hb2cf2c5_0.tar.bz2#f8cb783ce34b7c820ce436d66b0c5d38
https://conda.anaconda.org/conda-forge/noarch/six-1.15.0-pyh9f0ad1d_0.tar.bz2#1eec421f0f1f39e579e44e4a5ce646a2
https://conda.anaconda.org/conda-forge/noarch/toml-0.10.2-pyhd8ed1ab_0.tar.bz2#f832c45a477c78bebd107098db465095
https://conda.anaconda.org/conda-forge/noarch/wheel-0.36.2-pyhd3deb0d_0.tar.bz2#768bfbe026426d0e76b377997d1f2b98
https://conda.anaconda.org/conda-forge/noarch/zipp-3.4.0-py_0.tar.bz2#0df927d2e46244cef8fd75d7ec2ba51c
https://conda.anaconda.org/conda-forge/win-64/certifi-2020.12.5-py38haa244fe_0.tar.bz2#db40497e160e52cd67f94e491a75b63c
https://conda.anaconda.org/conda-forge/win-64/cffi-1.14.4-py38hd8c33c5_1.tar.bz2#2eafaa5f8f4f7e43cfb6dbee50bcb792
https://conda.anaconda.org/conda-forge/win-64/chardet-4.0.0-py38haa244fe_0.tar.bz2#a76a8157fc4e94294d483780a13ef8ad
https://conda.anaconda.org/conda-forge/noarch/click-default-group-1.2.1-py_0.tar.bz2#64a66d3d4db54208496c4e2fa822eeee
https://conda.anaconda.org/conda-forge/noarch/cycler-0.10.0-py_2.tar.bz2#f6d7c7e6d8f42cbbec7e07a8d879f91c
https://conda.anaconda.org/conda-forge/win-64/importlib-metadata-3.3.0-py38haa244fe_2.tar.bz2#e474c2e4fb0ff5773f0640c953095112
https://conda.anaconda.org/conda-forge/win-64/kiwisolver-1.3.1-py38hbd9d945_0.tar.bz2#e26d623b65ba6bba612763acceb96482
https://conda.anaconda.org/conda-forge/noarch/markdown-it-py-0.5.8-pyhd8ed1ab_0.tar.bz2#e2e3be408426e5aace9504f0385c1e32
https://conda.anaconda.org/conda-forge/win-64/markupsafe-1.1.1-py38hab1e662_2.tar.bz2#0737676f52f6bb7d2260636434140519
https://conda.anaconda.org/conda-forge/win-64/numpy-1.19.4-py38h0cc643e_1.tar.bz2#e5a928228109af631950eb321f8f3bcc
https://conda.anaconda.org/conda-forge/win-64/pillow-8.0.1-py38hd8d9125_0.tar.bz2#293805dd4693a2871dadc37b8e9cff4a
https://conda.anaconda.org/conda-forge/win-64/pyqt5-sip-4.19.18-py38h885f38d_6.tar.bz2#971a65d2cade90ab3b2bb2752fc022e8
https://conda.anaconda.org/conda-forge/win-64/pyrsistent-0.17.3-py38h294d835_1.tar.bz2#d6148d0bb50aca7e8e4e270539b23e81
https://conda.anaconda.org/conda-forge/noarch/python-dateutil-2.8.1-py_0.tar.bz2#0d0150ed9c2d25817f5324108d3f7571
https://conda.anaconda.org/conda-forge/win-64/pywin32-228-py38h1e8a9f7_0.tar.bz2#de6d49682383d270aebb4ea67aa907e5
https://conda.anaconda.org/conda-forge/win-64/pyyaml-5.3.1-py38hab1e662_1.tar.bz2#25ce237676e0d4f8029d3440c2f4afc6
https://conda.anaconda.org/conda-forge/win-64/tornado-6.1-py38h294d835_0.tar.bz2#f528bef9f1bccbdcdca428bf9295e7a5
https://conda.anaconda.org/conda-forge/noarch/traitlets-5.0.5-py_0.tar.bz2#99618ee9ab1323e40f231acdab92fe60
https://conda.anaconda.org/conda-forge/win-64/win_inet_pton-1.1.0-py38h32f6830_1.tar.bz2#f387a5afa714e658385f33dcda93a802
https://conda.anaconda.org/conda-forge/win-64/wincertstore-0.2-py38h32f6830_1005.tar.bz2#8c253621e1f3121360b00b5ffe4626ff
https://conda.anaconda.org/conda-forge/win-64/brotlipy-0.7.0-py38hab1e662_1001.tar.bz2#2d6f5a730bc180307463869c63ac0cdd
https://conda.anaconda.org/conda-forge/win-64/cryptography-3.3.1-py38hd8c33c5_0.tar.bz2#b950bc33679bdeac0f8e2a68a0f1aa3c
https://conda.anaconda.org/conda-forge/noarch/importlib_metadata-3.3.0-hd8ed1ab_2.tar.bz2#936c79b1b03cec81f74fb88f4fb4caa8
https://conda.anaconda.org/conda-forge/win-64/jupyter_core-4.7.0-py38haa244fe_0.tar.bz2#fe95f3dc033651e47455ecddc6d51af0
https://conda.anaconda.org/conda-forge/win-64/pyqt-impl-5.12.3-py38h885f38d_6.tar.bz2#9427cde3284076aac11e563199d5642e
https://conda.anaconda.org/conda-forge/win-64/pysocks-1.7.1-py38h9bdc248_2.tar.bz2#6ed736e4e660a6ed5987b259b7f17fc1
https://conda.anaconda.org/conda-forge/win-64/scipy-1.5.3-py38h5f893b4_0.tar.bz2#56eee2316f784a8eaac8fa15b7900315
https://conda.anaconda.org/conda-forge/win-64/setuptools-49.6.0-py38h9bdc248_2.tar.bz2#98726e11607788e59c4135db810e8521
https://conda.anaconda.org/conda-forge/noarch/jinja2-2.11.2-pyh9f0ad1d_0.tar.bz2#e8a5d614d1a27bdba00059ca062a0551
https://conda.anaconda.org/conda-forge/noarch/jsonschema-3.2.0-py_2.tar.bz2#a17aa962de6145d08e1008cb37c20161
https://conda.anaconda.org/conda-forge/win-64/matplotlib-base-3.3.3-py38h34ddff4_0.tar.bz2#8d2180013c805f7f841484b7d0ac385e
https://conda.anaconda.org/conda-forge/noarch/pip-20.3.3-pyhd8ed1ab_0.tar.bz2#c7e5c449e502567a995e4bd09c538faf
https://conda.anaconda.org/conda-forge/noarch/pyopenssl-20.0.1-pyhd8ed1ab_0.tar.bz2#92371c25994d0f5d28a01c1fb75ebf86
https://conda.anaconda.org/conda-forge/win-64/pyqtchart-5.12-py38h885f38d_6.tar.bz2#77a425ce9864dd64ea34784697eb9a5f
https://conda.anaconda.org/conda-forge/win-64/pyqtwebengine-5.12.1-py38h885f38d_6.tar.bz2#18e817cb0a961014ce0a27f1c292e1e9
https://conda.anaconda.org/conda-forge/noarch/nbformat-5.0.8-py_0.tar.bz2#12aaf0d8795a5c375757b49a08e011a2
https://conda.anaconda.org/conda-forge/win-64/pyqt-5.12.3-py38haa244fe_6.tar.bz2#c1993f9270d6924f2aaba93808a933a5
https://conda.anaconda.org/conda-forge/noarch/urllib3-1.26.2-pyhd8ed1ab_0.tar.bz2#8bb930d172961c9ba9ffd6e10a64b844
https://conda.anaconda.org/conda-forge/noarch/jupytext-1.7.1-pyhd3deb0d_0.tar.bz2#5ab8848203f7749bcd4197442f16d72d
https://conda.anaconda.org/conda-forge/win-64/matplotlib-3.3.3-py38haa244fe_0.tar.bz2#132627876c5d320e19e3b9bc9c11bd01
https://conda.anaconda.org/conda-forge/noarch/requests-2.25.1-pyhd3deb0d_0.tar.bz2#ae687aba31a1c400192a86a2e993ffdc
https://conda.anaconda.org/conda-forge/noarch/ensureconda-1.4.0-pyhd8ed1ab_0.tar.bz2#7e129c470f6d48c51a3eca543ddb9e71
https://conda.anaconda.org/conda-forge/noarch/conda-lock-0.7.3-pyhd8ed1ab_0.tar.bz2#559ade16cbab85c06f6d4ec0e202fbca
